// !$*UTF8*$!
{
	archiveVersion = 1;
	classes = {
	};
	objectVersion = 46;
	objects = {

/* Begin PBXBuildFile section */
		7745FEF11A75E84900BCF332 /* main.m in Sources */ = {isa = PBXBuildFile; fileRef = 7745FEF01A75E84900BCF332 /* main.m */; };
		7745FEF41A75E84900BCF332 /* AppDelegate.m in Sources */ = {isa = PBXBuildFile; fileRef = 7745FEF31A75E84900BCF332 /* AppDelegate.m */; };
		7745FEF71A75E84900BCF332 /* MultitThreadCoreData.xcdatamodeld in Sources */ = {isa = PBXBuildFile; fileRef = 7745FEF51A75E84900BCF332 /* MultitThreadCoreData.xcdatamodeld */; };
		7745FEFA1A75E84900BCF332 /* ViewController.m in Sources */ = {isa = PBXBuildFile; fileRef = 7745FEF91A75E84900BCF332 /* ViewController.m */; };
		7745FEFF1A75E84900BCF332 /* Images.xcassets in Resources */ = {isa = PBXBuildFile; fileRef = 7745FEFE1A75E84900BCF332 /* Images.xcassets */; };
		7745FF021A75E84900BCF332 /* LaunchScreen.xib in Resources */ = {isa = PBXBuildFile; fileRef = 7745FF001A75E84900BCF332 /* LaunchScreen.xib */; };
		7745FF0E1A75E84900BCF332 /* MultitThreadCoreDataTests.m in Sources */ = {isa = PBXBuildFile; fileRef = 7745FF0D1A75E84900BCF332 /* MultitThreadCoreDataTests.m */; };
		7745FF3E1A75E8E900BCF332 /* NoteListViewController.m in Sources */ = {isa = PBXBuildFile; fileRef = 7745FF3B1A75E8E900BCF332 /* NoteListViewController.m */; };
		7745FF3F1A75E8E900BCF332 /* NoteTableViewCell.m in Sources */ = {isa = PBXBuildFile; fileRef = 7745FF3D1A75E8E900BCF332 /* NoteTableViewCell.m */; };
		7745FF411A75E8F000BCF332 /* LiYouNote.xcdatamodel in Sources */ = {isa = PBXBuildFile; fileRef = 7745FF401A75E8F000BCF332 /* LiYouNote.xcdatamodel */; };
		7745FF471A75E91800BCF332 /* CoreDataManager.m in Sources */ = {isa = PBXBuildFile; fileRef = 7745FF441A75E91800BCF332 /* CoreDataManager.m */; };
		7745FF481A75E91800BCF332 /* Note.m in Sources */ = {isa = PBXBuildFile; fileRef = 7745FF461A75E91800BCF332 /* Note.m */; };
		7745FF4A1A75E93B00BCF332 /* Main.storyboard in Resources */ = {isa = PBXBuildFile; fileRef = 7745FF491A75E93B00BCF332 /* Main.storyboard */; };
/* End PBXBuildFile section */

/* Begin PBXContainerItemProxy section */
		7745FF081A75E84900BCF332 /* PBXContainerItemProxy */ = {
			isa = PBXContainerItemProxy;
			containerPortal = 7745FEE31A75E84900BCF332 /* Project object */;
			proxyType = 1;
			remoteGlobalIDString = 7745FEEA1A75E84900BCF332;
			remoteInfo = MultitThreadCoreData;
		};
/* End PBXContainerItemProxy section */

/* Begin PBXFileReference section */
		7745FEEB1A75E84900BCF332 /* MultitThreadCoreData.app */ = {isa = PBXFileReference; explicitFileType = wrapper.application; includeInIndex = 0; path = MultitThreadCoreData.app; sourceTree = BUILT_PRODUCTS_DIR; };
		7745FEEF1A75E84900BCF332 /* Info.plist */ = {isa = PBXFileReference; lastKnownFileType = text.plist.xml; path = Info.plist; sourceTree = "<group>"; };
		7745FEF01A75E84900BCF332 /* main.m */ = {isa = PBXFileReference; lastKnownFileType = sourcecode.c.objc; path = main.m; sourceTree = "<group>"; };
		7745FEF21A75E84900BCF332 /* AppDelegate.h */ = {isa = PBXFileReference; lastKnownFileType = sourcecode.c.h; path = AppDelegate.h; sourceTree = "<group>"; };
		7745FEF31A75E84900BCF332 /* AppDelegate.m */ = {isa = PBXFileReference; lastKnownFileType = sourcecode.c.objc; path = AppDelegate.m; sourceTree = "<group>"; };
		7745FEF61A75E84900BCF332 /* MultitThreadCoreData.xcdatamodel */ = {isa = PBXFileReference; lastKnownFileType = wrapper.xcdatamodel; path = MultitThreadCoreData.xcdatamodel; sourceTree = "<group>"; };
		7745FEF81A75E84900BCF332 /* ViewController.h */ = {isa = PBXFileReference; lastKnownFileType = sourcecode.c.h; path = ViewController.h; sourceTree = "<group>"; };
		7745FEF91A75E84900BCF332 /* ViewController.m */ = {isa = PBXFileReference; lastKnownFileType = sourcecode.c.objc; path = ViewController.m; sourceTree = "<group>"; };
		7745FEFE1A75E84900BCF332 /* Images.xcassets */ = {isa = PBXFileReference; lastKnownFileType = folder.assetcatalog; path = Images.xcassets; sourceTree = "<group>"; };
		7745FF011A75E84900BCF332 /* Base */ = {isa = PBXFileReference; lastKnownFileType = file.xib; name = Base; path = Base.lproj/LaunchScreen.xib; sourceTree = "<group>"; };
		7745FF071A75E84900BCF332 /* MultitThreadCoreDataTests.xctest */ = {isa = PBXFileReference; explicitFileType = wrapper.cfbundle; includeInIndex = 0; path = MultitThreadCoreDataTests.xctest; sourceTree = BUILT_PRODUCTS_DIR; };
		7745FF0C1A75E84900BCF332 /* Info.plist */ = {isa = PBXFileReference; lastKnownFileType = text.plist.xml; path = Info.plist; sourceTree = "<group>"; };
		7745FF0D1A75E84900BCF332 /* MultitThreadCoreDataTests.m */ = {isa = PBXFileReference; lastKnownFileType = sourcecode.c.objc; path = MultitThreadCoreDataTests.m; sourceTree = "<group>"; };
		7745FF3A1A75E8E900BCF332 /* NoteListViewController.h */ = {isa = PBXFileReference; fileEncoding = 4; lastKnownFileType = sourcecode.c.h; path = NoteListViewController.h; sourceTree = "<group>"; };
		7745FF3B1A75E8E900BCF332 /* NoteListViewController.m */ = {isa = PBXFileReference; fileEncoding = 4; lastKnownFileType = sourcecode.c.objc; path = NoteListViewController.m; sourceTree = "<group>"; };
		7745FF3C1A75E8E900BCF332 /* NoteTableViewCell.h */ = {isa = PBXFileReference; fileEncoding = 4; lastKnownFileType = sourcecode.c.h; path = NoteTableViewCell.h; sourceTree = "<group>"; };
		7745FF3D1A75E8E900BCF332 /* NoteTableViewCell.m */ = {isa = PBXFileReference; fileEncoding = 4; lastKnownFileType = sourcecode.c.objc; path = NoteTableViewCell.m; sourceTree = "<group>"; };
		7745FF401A75E8F000BCF332 /* LiYouNote.xcdatamodel */ = {isa = PBXFileReference; lastKnownFileType = wrapper.xcdatamodel; path = LiYouNote.xcdatamodel; sourceTree = "<group>"; };
		7745FF431A75E91800BCF332 /* CoreDataManager.h */ = {isa = PBXFileReference; fileEncoding = 4; lastKnownFileType = sourcecode.c.h; path = CoreDataManager.h; sourceTree = "<group>"; };
		7745FF441A75E91800BCF332 /* CoreDataManager.m */ = {isa = PBXFileReference; fileEncoding = 4; lastKnownFileType = sourcecode.c.objc; path = CoreDataManager.m; sourceTree = "<group>"; };
		7745FF451A75E91800BCF332 /* Note.h */ = {isa = PBXFileReference; fileEncoding = 4; lastKnownFileType = sourcecode.c.h; path = Note.h; sourceTree = "<group>"; };
		7745FF461A75E91800BCF332 /* Note.m */ = {isa = PBXFileReference; fileEncoding = 4; lastKnownFileType = sourcecode.c.objc; path = Note.m; sourceTree = "<group>"; };
		7745FF491A75E93B00BCF332 /* Main.storyboard */ = {isa = PBXFileReference; fileEncoding = 4; lastKnownFileType = file.storyboard; path = Main.storyboard; sourceTree = "<group>"; };
/* End PBXFileReference section */

/* Begin PBXFrameworksBuildPhase section */
		7745FEE81A75E84900BCF332 /* Frameworks */ = {
			isa = PBXFrameworksBuildPhase;
			buildActionMask = 2147483647;
			files = (
			);
			runOnlyForDeploymentPostprocessing = 0;
		};
		7745FF041A75E84900BCF332 /* Frameworks */ = {
			isa = PBXFrameworksBuildPhase;
			buildActionMask = 2147483647;
			files = (
			);
			runOnlyForDeploymentPostprocessing = 0;
		};
/* End PBXFrameworksBuildPhase section */

/* Begin PBXGroup section */
		7745FEE21A75E84900BCF332 = {
			isa = PBXGroup;
			children = (
				7745FEED1A75E84900BCF332 /* MultitThreadCoreData */,
				7745FF0A1A75E84900BCF332 /* MultitThreadCoreDataTests */,
				7745FEEC1A75E84900BCF332 /* Products */,
			);
			sourceTree = "<group>";
		};
		7745FEEC1A75E84900BCF332 /* Products */ = {
			isa = PBXGroup;
			children = (
				7745FEEB1A75E84900BCF332 /* MultitThreadCoreData.app */,
				7745FF071A75E84900BCF332 /* MultitThreadCoreDataTests.xctest */,
			);
			name = Products;
			sourceTree = "<group>";
		};
		7745FEED1A75E84900BCF332 /* MultitThreadCoreData */ = {
			isa = PBXGroup;
			children = (
				7745FF421A75E91800BCF332 /* CoreData */,
				7745FEF21A75E84900BCF332 /* AppDelegate.h */,
				7745FEF31A75E84900BCF332 /* AppDelegate.m */,
				7745FEF81A75E84900BCF332 /* ViewController.h */,
				7745FEF91A75E84900BCF332 /* ViewController.m */,
				7745FF3A1A75E8E900BCF332 /* NoteListViewController.h */,
				7745FF3B1A75E8E900BCF332 /* NoteListViewController.m */,
				7745FF3C1A75E8E900BCF332 /* NoteTableViewCell.h */,
				7745FF3D1A75E8E900BCF332 /* NoteTableViewCell.m */,
				7745FF491A75E93B00BCF332 /* Main.storyboard */,
				7745FF401A75E8F000BCF332 /* LiYouNote.xcdatamodel */,
				7745FEFE1A75E84900BCF332 /* Images.xcassets */,
				7745FF001A75E84900BCF332 /* LaunchScreen.xib */,
				7745FEF51A75E84900BCF332 /* MultitThreadCoreData.xcdatamodeld */,
				7745FEEE1A75E84900BCF332 /* Supporting Files */,
			);
			path = MultitThreadCoreData;
			sourceTree = "<group>";
		};
		7745FEEE1A75E84900BCF332 /* Supporting Files */ = {
			isa = PBXGroup;
			children = (
				7745FEEF1A75E84900BCF332 /* Info.plist */,
				7745FEF01A75E84900BCF332 /* main.m */,
			);
			name = "Supporting Files";
			sourceTree = "<group>";
		};
		7745FF0A1A75E84900BCF332 /* MultitThreadCoreDataTests */ = {
			isa = PBXGroup;
			children = (
				7745FF0D1A75E84900BCF332 /* MultitThreadCoreDataTests.m */,
				7745FF0B1A75E84900BCF332 /* Supporting Files */,
			);
			path = MultitThreadCoreDataTests;
			sourceTree = "<group>";
		};
		7745FF0B1A75E84900BCF332 /* Supporting Files */ = {
			isa = PBXGroup;
			children = (
				7745FF0C1A75E84900BCF332 /* Info.plist */,
			);
			name = "Supporting Files";
			sourceTree = "<group>";
		};
		7745FF421A75E91800BCF332 /* CoreData */ = {
			isa = PBXGroup;
			children = (
				7745FF431A75E91800BCF332 /* CoreDataManager.h */,
				7745FF441A75E91800BCF332 /* CoreDataManager.m */,
				7745FF451A75E91800BCF332 /* Note.h */,
				7745FF461A75E91800BCF332 /* Note.m */,
			);
			path = CoreData;
			sourceTree = "<group>";
		};
/* End PBXGroup section */

/* Begin PBXNativeTarget section */
		7745FEEA1A75E84900BCF332 /* MultitThreadCoreData */ = {
			isa = PBXNativeTarget;
			buildConfigurationList = 7745FF111A75E84900BCF332 /* Build configuration list for PBXNativeTarget "MultitThreadCoreData" */;
			buildPhases = (
				7745FEE71A75E84900BCF332 /* Sources */,
				7745FEE81A75E84900BCF332 /* Frameworks */,
				7745FEE91A75E84900BCF332 /* Resources */,
			);
			buildRules = (
			);
			dependencies = (
			);
			name = MultitThreadCoreData;
			productName = MultitThreadCoreData;
			productReference = 7745FEEB1A75E84900BCF332 /* MultitThreadCoreData.app */;
			productType = "com.apple.product-type.application";
		};
		7745FF061A75E84900BCF332 /* MultitThreadCoreDataTests */ = {
			isa = PBXNativeTarget;
			buildConfigurationList = 7745FF141A75E84900BCF332 /* Build configuration list for PBXNativeTarget "MultitThreadCoreDataTests" */;
			buildPhases = (
				7745FF031A75E84900BCF332 /* Sources */,
				7745FF041A75E84900BCF332 /* Frameworks */,
				7745FF051A75E84900BCF332 /* Resources */,
			);
			buildRules = (
			);
			dependencies = (
				7745FF091A75E84900BCF332 /* PBXTargetDependency */,
			);
			name = MultitThreadCoreDataTests;
			productName = MultitThreadCoreDataTests;
			productReference = 7745FF071A75E84900BCF332 /* MultitThreadCoreDataTests.xctest */;
			productType = "com.apple.product-type.bundle.unit-test";
		};
/* End PBXNativeTarget section */

/* Begin PBXProject section */
		7745FEE31A75E84900BCF332 /* Project object */ = {
			isa = PBXProject;
			attributes = {
				LastUpgradeCheck = 0610;
				ORGANIZATIONNAME = Liyouyiyi;
				TargetAttributes = {
					7745FEEA1A75E84900BCF332 = {
						CreatedOnToolsVersion = 6.1.1;
					};
					7745FF061A75E84900BCF332 = {
						CreatedOnToolsVersion = 6.1.1;
						TestTargetID = 7745FEEA1A75E84900BCF332;
					};
				};
			};
			buildConfigurationList = 7745FEE61A75E84900BCF332 /* Build configuration list for PBXProject "MultitThreadCoreData" */;
			compatibilityVersion = "Xcode 3.2";
			developmentRegion = English;
			hasScannedForEncodings = 0;
			knownRegions = (
				en,
				Base,
			);
			mainGroup = 7745FEE21A75E84900BCF332;
			productRefGroup = 7745FEEC1A75E84900BCF332 /* Products */;
			projectDirPath = "";
			projectRoot = "";
			targets = (
				7745FEEA1A75E84900BCF332 /* MultitThreadCoreData */,
				7745FF061A75E84900BCF332 /* MultitThreadCoreDataTests */,
			);
		};
/* End PBXProject section */

/* Begin PBXResourcesBuildPhase section */
		7745FEE91A75E84900BCF332 /* Resources */ = {
			isa = PBXResourcesBuildPhase;
			buildActionMask = 2147483647;
			files = (
				7745FF4A1A75E93B00BCF332 /* Main.storyboard in Resources */,
				7745FF021A75E84900BCF332 /* LaunchScreen.xib in Resources */,
				7745FEFF1A75E84900BCF332 /* Images.xcassets in Resources */,
			);
			runOnlyForDeploymentPostprocessing = 0;
		};
		7745FF051A75E84900BCF332 /* Resources */ = {
			isa = PBXResourcesBuildPhase;
			buildActionMask = 2147483647;
			files = (
			);
			runOnlyForDeploymentPostprocessing = 0;
		};
/* End PBXResourcesBuildPhase section */

/* Begin PBXSourcesBuildPhase section */
		7745FEE71A75E84900BCF332 /* Sources */ = {
			isa = PBXSourcesBuildPhase;
			buildActionMask = 2147483647;
			files = (
				7745FF481A75E91800BCF332 /* Note.m in Sources */,
				7745FF411A75E8F000BCF332 /* LiYouNote.xcdatamodel in Sources */,
				7745FEF41A75E84900BCF332 /* AppDelegate.m in Sources */,
				7745FF471A75E91800BCF332 /* CoreDataManager.m in Sources */,
				7745FEF11A75E84900BCF332 /* main.m in Sources */,
				7745FEFA1A75E84900BCF332 /* ViewController.m in Sources */,
				7745FF3F1A75E8E900BCF332 /* NoteTableViewCell.m in Sources */,
				7745FEF71A75E84900BCF332 /* MultitThreadCoreData.xcdatamodeld in Sources */,
				7745FF3E1A75E8E900BCF332 /* NoteListViewController.m in Sources */,
			);
			runOnlyForDeploymentPostprocessing = 0;
		};
		7745FF031A75E84900BCF332 /* Sources */ = {
			isa = PBXSourcesBuildPhase;
			buildActionMask = 2147483647;
			files = (
				7745FF0E1A75E84900BCF332 /* MultitThreadCoreDataTests.m in Sources */,
			);
			runOnlyForDeploymentPostprocessing = 0;
		};
/* End PBXSourcesBuildPhase section */

/* Begin PBXTargetDependency section */
		7745FF091A75E84900BCF332 /* PBXTargetDependency */ = {
			isa = PBXTargetDependency;
			target = 7745FEEA1A75E84900BCF332 /* MultitThreadCoreData */;
			targetProxy = 7745FF081A75E84900BCF332 /* PBXContainerItemProxy */;
		};
/* End PBXTargetDependency section */

/* Begin PBXVariantGroup section */
		7745FF001A75E84900BCF332 /* LaunchScreen.xib */ = {
			isa = PBXVariantGroup;
			children = (
				7745FF011A75E84900BCF332 /* Base */,
			);
			name = LaunchScreen.xib;
			sourceTree = "<group>";
		};
/* End PBXVariantGroup section */

/* Begin XCBuildConfiguration section */
		7745FF0F1A75E84900BCF332 /* Debug */ = {
			isa = XCBuildConfiguration;
			buildSettings = {
				ALWAYS_SEARCH_USER_PATHS = NO;
				CLANG_CXX_LANGUAGE_STANDARD = "gnu++0x";
				CLANG_CXX_LIBRARY = "libc++";
				CLANG_ENABLE_MODULES = YES;
				CLANG_ENABLE_OBJC_ARC = YES;
				CLANG_WARN_BOOL_CONVERSION = YES;
				CLANG_WARN_CONSTANT_CONVERSION = YES;
				CLANG_WARN_DIRECT_OBJC_ISA_USAGE = YES_ERROR;
				CLANG_WARN_EMPTY_BODY = YES;
				CLANG_WARN_ENUM_CONVERSION = YES;
				CLANG_WARN_INT_CONVERSION = YES;
				CLANG_WARN_OBJC_ROOT_CLASS = YES_ERROR;
				CLANG_WARN_UNREACHABLE_CODE = YES;
				CLANG_WARN__DUPLICATE_METHOD_MATCH = YES;
				"CODE_SIGN_IDENTITY[sdk=iphoneos*]" = "iPhone Developer";
				COPY_PHASE_STRIP = NO;
				ENABLE_STRICT_OBJC_MSGSEND = YES;
				GCC_C_LANGUAGE_STANDARD = gnu99;
				GCC_DYNAMIC_NO_PIC = NO;
				GCC_OPTIMIZATION_LEVEL = 0;
				GCC_PREPROCESSOR_DEFINITIONS = (
					"DEBUG=1",
					"$(inherited)",
				);
				GCC_SYMBOLS_PRIVATE_EXTERN = NO;
				GCC_WARN_64_TO_32_BIT_CONVERSION = YES;
				GCC_WARN_ABOUT_RETURN_TYPE = YES_ERROR;
				GCC_WARN_UNDECLARED_SELECTOR = YES;
				GCC_WARN_UNINITIALIZED_AUTOS = YES_AGGRESSIVE;
				GCC_WARN_UNUSED_FUNCTION = YES;
				GCC_WARN_UNUSED_VARIABLE = YES;
				IPHONEOS_DEPLOYMENT_TARGET = 8.1;
				MTL_ENABLE_DEBUG_INFO = YES;
				ONLY_ACTIVE_ARCH = YES;
				SDKROOT = iphoneos;
				TARGETED_DEVICE_FAMILY = "1,2";
			};
			name = Debug;
		};
		7745FF101A75E84900BCF332 /* Release */ = {
			isa = XCBuildConfiguration;
			buildSettings = {
				ALWAYS_SEARCH_USER_PATHS = NO;
				CLANG_CXX_LANGUAGE_STANDARD = "gnu++0x";
				CLANG_CXX_LIBRARY = "libc++";
				CLANG_ENABLE_MODULES = YES;
				CLANG_ENABLE_OBJC_ARC = YES;
				CLANG_WARN_BOOL_CONVERSION = YES;
				CLANG_WARN_CONSTANT_CONVERSION = YES;
				CLANG_WARN_DIRECT_OBJC_ISA_USAGE = YES_ERROR;
				CLANG_WARN_EMPTY_BODY = YES;
				CLANG_WARN_ENUM_CONVERSION = YES;
				CLANG_WARN_INT_CONVERSION = YES;
				CLANG_WARN_OBJC_ROOT_CLASS = YES_ERROR;
				CLANG_WARN_UNREACHABLE_CODE = YES;
				CLANG_WARN__DUPLICATE_METHOD_MATCH = YES;
				"CODE_SIGN_IDENTITY[sdk=iphoneos*]" = "iPhone Developer";
				COPY_PHASE_STRIP = YES;
				ENABLE_NS_ASSERTIONS = NO;
				ENABLE_STRICT_OBJC_MSGSEND = YES;
				GCC_C_LANGUAGE_STANDARD = gnu99;
				GCC_WARN_64_TO_32_BIT_CONVERSION = YES;
				GCC_WARN_ABOUT_RETURN_TYPE = YES_ERROR;
				GCC_WARN_UNDECLARED_SELECTOR = YES;
				GCC_WARN_UNINITIALIZED_AUTOS = YES_AGGRESSIVE;
				GCC_WARN_UNUSED_FUNCTION = YES;
				GCC_WARN_UNUSED_VARIABLE = YES;
				IPHONEOS_DEPLOYMENT_TARGET = 8.1;
				MTL_ENABLE_DEBUG_INFO = NO;
				SDKROOT = iphoneos;
				TARGETED_DEVICE_FAMILY = "1,2";
				VALIDATE_PRODUCT = YES;
			};
			name = Release;
		};
		7745FF121A75E84900BCF332 /* Debug */ = {
			isa = XCBuildConfiguration;
			buildSettings = {
				ASSETCATALOG_COMPILER_APPICON_NAME = AppIcon;
				INFOPLIST_FILE = MultitThreadCoreData/Info.plist;
				LD_RUNPATH_SEARCH_PATHS = "$(inherited) @executable_path/Frameworks";
				PRODUCT_NAME = "$(TARGET_NAME)";
			};
			name = Debug;
		};
		7745FF131A75E84900BCF332 /* Release */ = {
			isa = XCBuildConfiguration;
			buildSettings = {
				ASSETCATALOG_COMPILER_APPICON_NAME = AppIcon;
				INFOPLIST_FILE = MultitThreadCoreData/Info.plist;
				LD_RUNPATH_SEARCH_PATHS = "$(inherited) @executable_path/Frameworks";
				PRODUCT_NAME = "$(TARGET_NAME)";
			};
			name = Release;
		};
		7745FF151A75E84900BCF332 /* Debug */ = {
			isa = XCBuildConfiguration;
			buildSettings = {
				BUNDLE_LOADER = "$(TEST_HOST)";
				FRAMEWORK_SEARCH_PATHS = (
					"$(SDKROOT)/Developer/Library/Frameworks",
					"$(inherited)",
				);
				GCC_PREPROCESSOR_DEFINITIONS = (
					"DEBUG=1",
					"$(inherited)",
				);
				INFOPLIST_FILE = MultitThreadCoreDataTests/Info.plist;
				LD_RUNPATH_SEARCH_PATHS = "$(inherited) @executable_path/Frameworks @loader_path/Frameworks";
				PRODUCT_NAME = "$(TARGET_NAME)";
				TEST_HOST = "$(BUILT_PRODUCTS_DIR)/MultitThreadCoreData.app/MultitThreadCoreData";
			};
			name = Debug;
		};
		7745FF161A75E84900BCF332 /* Release */ = {
			isa = XCBuildConfiguration;
			buildSettings = {
				BUNDLE_LOADER = "$(TEST_HOST)";
				FRAMEWORK_SEARCH_PATHS = (
					"$(SDKROOT)/Developer/Library/Frameworks",
					"$(inherited)",
				);
				INFOPLIST_FILE = MultitThreadCoreDataTests/Info.plist;
				LD_RUNPATH_SEARCH_PATHS = "$(inherited) @executable_path/Frameworks @loader_path/Frameworks";
				PRODUCT_NAME = "$(TARGET_NAME)";
				TEST_HOST = "$(BUILT_PRODUCTS_DIR)/MultitThreadCoreData.app/MultitThreadCoreData";
			};
			name = Release;
		};
/* End XCBuildConfiguration section */

/* Begin XCConfigurationList section */
		7745FEE61A75E84900BCF332 /* Build configuration list for PBXProject "MultitThreadCoreData" */ = {
			isa = XCConfigurationList;
			buildConfigurations = (
				7745FF0F1A75E84900BCF332 /* Debug */,
				7745FF101A75E84900BCF332 /* Release */,
			);
			defaultConfigurationIsVisible = 0;
			defaultConfigurationName = Release;
		};
		7745FF111A75E84900BCF332 /* Build configuration list for PBXNativeTarget "MultitThreadCoreData" */ = {
			isa = XCConfigurationList;
			buildConfigurations = (
				7745FF121A75E84900BCF332 /* Debug */,
				7745FF131A75E84900BCF332 /* Release */,
			);
			defaultConfigurationIsVisible = 0;
		};
		7745FF141A75E84900BCF332 /* Build configuration list for PBXNativeTarget "MultitThreadCoreDataTests" */ = {
			isa = XCConfigurationList;
			buildConfigurations = (
				7745FF151A75E84900BCF332 /* Debug */,
				7745FF161A75E84900BCF332 /* Release */,
			);
			defaultConfigurationIsVisible = 0;
		};
/* End XCConfigurationList section */

/* Begin XCVersionGroup section */
		7745FEF51A75E84900BCF332 /* MultitThreadCoreData.xcdatamodeld */ = {
			isa = XCVersionGroup;
			children = (
				7745FEF61A75E84900BCF332 /* MultitThreadCoreData.xcdatamodel */,
			);
			currentVersion = 7745FEF61A75E84900BCF332 /* MultitThreadCoreData.xcdatamodel */;
			path = MultitThreadCoreData.xcdatamodeld;
			sourceTree = "<group>";
			versionGroupType = wrapper.xcdatamodel;
		};
/* End XCVersionGroup section */
	};
	rootObject = 7745FEE31A75E84900BCF332 /* Project object */;
}
